// !$*UTF8*$!
{
	archiveVersion = 1;
	classes = {
	};
	objectVersion = 55;
	objects = {

/* Begin PBXBuildFile section */
		C2762A1528ACFFF900A6A735 /* AppDelegate.swift in Sources */ = {isa = PBXBuildFile; fileRef = C2762A1428ACFFF900A6A735 /* AppDelegate.swift */; };
		C2762A1728ACFFF900A6A735 /* SceneDelegate.swift in Sources */ = {isa = PBXBuildFile; fileRef = C2762A1628ACFFF900A6A735 /* SceneDelegate.swift */; };
		C2762A1C28ACFFF900A6A735 /* Main.storyboard in Resources */ = {isa = PBXBuildFile; fileRef = C2762A1A28ACFFF900A6A735 /* Main.storyboard */; };
		C2762A1E28ACFFFA00A6A735 /* Assets.xcassets in Resources */ = {isa = PBXBuildFile; fileRef = C2762A1D28ACFFFA00A6A735 /* Assets.xcassets */; };
		C2762A2128ACFFFA00A6A735 /* LaunchScreen.storyboard in Resources */ = {isa = PBXBuildFile; fileRef = C2762A1F28ACFFFA00A6A735 /* LaunchScreen.storyboard */; };
		C2762A3028AE0D9700A6A735 /* DataModel.swift in Sources */ = {isa = PBXBuildFile; fileRef = C2762A2E28AE0D9600A6A735 /* DataModel.swift */; };
		C2762A5528AE3D0E00A6A735 /* data.json in Resources */ = {isa = PBXBuildFile; fileRef = C2762A5428AE3D0E00A6A735 /* data.json */; };
		C2762A5728AE3F0900A6A735 /* DataManager.swift in Sources */ = {isa = PBXBuildFile; fileRef = C2762A5628AE3F0900A6A735 /* DataManager.swift */; };
		C2762A5B28AE49D100A6A735 /* TableViewController.swift in Sources */ = {isa = PBXBuildFile; fileRef = C2762A5A28AE49D100A6A735 /* TableViewController.swift */; };
		C2762A5D28AE509000A6A735 /* InformationViewController.swift in Sources */ = {isa = PBXBuildFile; fileRef = C2762A5C28AE509000A6A735 /* InformationViewController.swift */; };
/* End PBXBuildFile section */

/* Begin PBXFileReference section */
		C2762A1128ACFFF900A6A735 /* test.app */ = {isa = PBXFileReference; explicitFileType = wrapper.application; includeInIndex = 0; path = test.app; sourceTree = BUILT_PRODUCTS_DIR; };
		C2762A1428ACFFF900A6A735 /* AppDelegate.swift */ = {isa = PBXFileReference; lastKnownFileType = sourcecode.swift; path = AppDelegate.swift; sourceTree = "<group>"; };
		C2762A1628ACFFF900A6A735 /* SceneDelegate.swift */ = {isa = PBXFileReference; lastKnownFileType = sourcecode.swift; path = SceneDelegate.swift; sourceTree = "<group>"; };
		C2762A1B28ACFFF900A6A735 /* Base */ = {isa = PBXFileReference; lastKnownFileType = file.storyboard; name = Base; path = Base.lproj/Main.storyboard; sourceTree = "<group>"; };
		C2762A1D28ACFFFA00A6A735 /* Assets.xcassets */ = {isa = PBXFileReference; lastKnownFileType = folder.assetcatalog; path = Assets.xcassets; sourceTree = "<group>"; };
		C2762A2028ACFFFA00A6A735 /* Base */ = {isa = PBXFileReference; lastKnownFileType = file.storyboard; name = Base; path = Base.lproj/LaunchScreen.storyboard; sourceTree = "<group>"; };
		C2762A2228ACFFFA00A6A735 /* Info.plist */ = {isa = PBXFileReference; lastKnownFileType = text.plist.xml; path = Info.plist; sourceTree = "<group>"; };
		C2762A2E28AE0D9600A6A735 /* DataModel.swift */ = {isa = PBXFileReference; fileEncoding = 4; lastKnownFileType = sourcecode.swift; path = DataModel.swift; sourceTree = "<group>"; };
		C2762A5428AE3D0E00A6A735 /* data.json */ = {isa = PBXFileReference; fileEncoding = 4; lastKnownFileType = text.json; path = data.json; sourceTree = "<group>"; };
		C2762A5628AE3F0900A6A735 /* DataManager.swift */ = {isa = PBXFileReference; lastKnownFileType = sourcecode.swift; path = DataManager.swift; sourceTree = "<group>"; };
		C2762A5A28AE49D100A6A735 /* TableViewController.swift */ = {isa = PBXFileReference; lastKnownFileType = sourcecode.swift; path = TableViewController.swift; sourceTree = "<group>"; };
		C2762A5C28AE509000A6A735 /* InformationViewController.swift */ = {isa = PBXFileReference; lastKnownFileType = sourcecode.swift; path = InformationViewController.swift; sourceTree = "<group>"; };
/* End PBXFileReference section */

/* Begin PBXFrameworksBuildPhase section */
		C2762A0E28ACFFF900A6A735 /* Frameworks */ = {
			isa = PBXFrameworksBuildPhase;
			buildActionMask = 2147483647;
			files = (
			);
			runOnlyForDeploymentPostprocessing = 0;
		};
/* End PBXFrameworksBuildPhase section */

/* Begin PBXGroup section */
		C2762A0828ACFFF900A6A735 = {
			isa = PBXGroup;
			children = (
				C2762A1328ACFFF900A6A735 /* test */,
				C2762A1228ACFFF900A6A735 /* Products */,
			);
			sourceTree = "<group>";
		};
		C2762A1228ACFFF900A6A735 /* Products */ = {
			isa = PBXGroup;
			children = (
				C2762A1128ACFFF900A6A735 /* test.app */,
			);
			name = Products;
			sourceTree = "<group>";
		};
		C2762A1328ACFFF900A6A735 /* test */ = {
			isa = PBXGroup;
			children = (
				C2762A5428AE3D0E00A6A735 /* data.json */,
				C2762A1428ACFFF900A6A735 /* AppDelegate.swift */,
				C2762A1628ACFFF900A6A735 /* SceneDelegate.swift */,
				C2762A2928ADFA2D00A6A735 /* Model */,
				C2762A2828ADFA2200A6A735 /* View */,
				C2762A2B28ADFA4500A6A735 /* Controller */,
				C2762A1D28ACFFFA00A6A735 /* Assets.xcassets */,
				C2762A1F28ACFFFA00A6A735 /* LaunchScreen.storyboard */,
				C2762A2228ACFFFA00A6A735 /* Info.plist */,
			);
			path = test;
			sourceTree = "<group>";
		};
		C2762A2828ADFA2200A6A735 /* View */ = {
			isa = PBXGroup;
			children = (
				C2762A1A28ACFFF900A6A735 /* Main.storyboard */,
			);
			path = View;
			sourceTree = "<group>";
		};
		C2762A2928ADFA2D00A6A735 /* Model */ = {
			isa = PBXGroup;
			children = (
				C2762A2E28AE0D9600A6A735 /* DataModel.swift */,
				C2762A5628AE3F0900A6A735 /* DataManager.swift */,
			);
			path = Model;
			sourceTree = "<group>";
		};
		C2762A2B28ADFA4500A6A735 /* Controller */ = {
			isa = PBXGroup;
			children = (
				C2762A5A28AE49D100A6A735 /* TableViewController.swift */,
				C2762A5C28AE509000A6A735 /* InformationViewController.swift */,
			);
			path = Controller;
			sourceTree = "<group>";
		};
/* End PBXGroup section */

/* Begin PBXNativeTarget section */
		C2762A1028ACFFF900A6A735 /* test */ = {
			isa = PBXNativeTarget;
			buildConfigurationList = C2762A2528ACFFFA00A6A735 /* Build configuration list for PBXNativeTarget "test" */;
			buildPhases = (
				C2762A0D28ACFFF900A6A735 /* Sources */,
				C2762A0E28ACFFF900A6A735 /* Frameworks */,
				C2762A0F28ACFFF900A6A735 /* Resources */,
			);
			buildRules = (
			);
			dependencies = (
			);
			name = test;
			productName = test;
			productReference = C2762A1128ACFFF900A6A735 /* test.app */;
			productType = "com.apple.product-type.application";
		};
/* End PBXNativeTarget section */

/* Begin PBXProject section */
		C2762A0928ACFFF900A6A735 /* Project object */ = {
			isa = PBXProject;
			attributes = {
				BuildIndependentTargetsInParallel = 1;
				LastSwiftUpdateCheck = 1340;
				LastUpgradeCheck = 1340;
				TargetAttributes = {
					C2762A1028ACFFF900A6A735 = {
						CreatedOnToolsVersion = 13.4;
					};
				};
			};
			buildConfigurationList = C2762A0C28ACFFF900A6A735 /* Build configuration list for PBXProject "test" */;
			compatibilityVersion = "Xcode 13.0";
			developmentRegion = en;
			hasScannedForEncodings = 0;
			knownRegions = (
				en,
				Base,
			);
			mainGroup = C2762A0828ACFFF900A6A735;
			productRefGroup = C2762A1228ACFFF900A6A735 /* Products */;
			projectDirPath = "";
			projectRoot = "";
			targets = (
				C2762A1028ACFFF900A6A735 /* test */,
			);
		};
/* End PBXProject section */

/* Begin PBXResourcesBuildPhase section */
		C2762A0F28ACFFF900A6A735 /* Resources */ = {
			isa = PBXResourcesBuildPhase;
			buildActionMask = 2147483647;
			files = (
				C2762A2128ACFFFA00A6A735 /* LaunchScreen.storyboard in Resources */,
				C2762A1E28ACFFFA00A6A735 /* Assets.xcassets in Resources */,
				C2762A1C28ACFFF900A6A735 /* Main.storyboard in Resources */,
				C2762A5528AE3D0E00A6A735 /* data.json in Resources */,
			);
			runOnlyForDeploymentPostprocessing = 0;
		};
/* End PBXResourcesBuildPhase section */

/* Begin PBXSourcesBuildPhase section */
		C2762A0D28ACFFF900A6A735 /* Sources */ = {
			isa = PBXSourcesBuildPhase;
			buildActionMask = 2147483647;
			files = (
				C2762A5B28AE49D100A6A735 /* TableViewController.swift in Sources */,
				C2762A5728AE3F0900A6A735 /* DataManager.swift in Sources */,
				C2762A1528ACFFF900A6A735 /* AppDelegate.swift in Sources */,
				C2762A1728ACFFF900A6A735 /* SceneDelegate.swift in Sources */,
				C2762A3028AE0D9700A6A735 /* DataModel.swift in Sources */,
				C2762A5D28AE509000A6A735 /* InformationViewController.swift in Sources */,
			);
			runOnlyForDeploymentPostprocessing = 0;
		};
/* End PBXSourcesBuildPhase section */

/* Begin PBXVariantGroup section */
		C2762A1A28ACFFF900A6A735 /* Main.storyboard */ = {
			isa = PBXVariantGroup;
			children = (
				C2762A1B28ACFFF900A6A735 /* Base */,
			);
			name = Main.storyboard;
			sourceTree = "<group>";
		};
		C2762A1F28ACFFFA00A6A735 /* LaunchScreen.storyboard */ = {
			isa = PBXVariantGroup;
			children = (
				C2762A2028ACFFFA00A6A735 /* Base */,
			);
			name = LaunchScreen.storyboard;
			sourceTree = "<group>";
		};
/* End PBXVariantGroup section */

/* Begin XCBuildConfiguration section */
		C2762A2328ACFFFA00A6A735 /* Debug */ = {
			isa = XCBuildConfiguration;
			buildSettings = {
				ALWAYS_SEARCH_USER_PATHS = NO;
				CLANG_ANALYZER_NONNULL = YES;
				CLANG_ANALYZER_NUMBER_OBJECT_CONVERSION = YES_AGGRESSIVE;
				CLANG_CXX_LANGUAGE_STANDARD = "gnu++17";
				CLANG_ENABLE_MODULES = YES;
				CLANG_ENABLE_OBJC_ARC = YES;
				CLANG_ENABLE_OBJC_WEAK = YES;
				CLANG_WARN_BLOCK_CAPTURE_AUTORELEASING = YES;
				CLANG_WARN_BOOL_CONVERSION = YES;
				CLANG_WARN_COMMA = YES;
				CLANG_WARN_CONSTANT_CONVERSION = YES;
				CLANG_WARN_DEPRECATED_OBJC_IMPLEMENTATIONS = YES;
				CLANG_WARN_DIRECT_OBJC_ISA_USAGE = YES_ERROR;
				CLANG_WARN_DOCUMENTATION_COMMENTS = YES;
				CLANG_WARN_EMPTY_BODY = YES;
				CLANG_WARN_ENUM_CONVERSION = YES;
				CLANG_WARN_INFINITE_RECURSION = YES;
				CLANG_WARN_INT_CONVERSION = YES;
				CLANG_WARN_NON_LITERAL_NULL_CONVERSION = YES;
				CLANG_WARN_OBJC_IMPLICIT_RETAIN_SELF = YES;
				CLANG_WARN_OBJC_LITERAL_CONVERSION = YES;
				CLANG_WARN_OBJC_ROOT_CLASS = YES_ERROR;
				CLANG_WARN_QUOTED_INCLUDE_IN_FRAMEWORK_HEADER = YES;
				CLANG_WARN_RANGE_LOOP_ANALYSIS = YES;
				CLANG_WARN_STRICT_PROTOTYPES = YES;
				CLANG_WARN_SUSPICIOUS_MOVE = YES;
				CLANG_WARN_UNGUARDED_AVAILABILITY = YES_AGGRESSIVE;
				CLANG_WARN_UNREACHABLE_CODE = YES;
				CLANG_WARN__DUPLICATE_METHOD_MATCH = YES;
				COPY_PHASE_STRIP = NO;
				DEBUG_INFORMATION_FORMAT = dwarf;
				ENABLE_STRICT_OBJC_MSGSEND = YES;
				ENABLE_TESTABILITY = YES;
				GCC_C_LANGUAGE_STANDARD = gnu11;
				GCC_DYNAMIC_NO_PIC = NO;
				GCC_NO_COMMON_BLOCKS = YES;
				GCC_OPTIMIZATION_LEVEL = 0;
				GCC_PREPROCESSOR_DEFINITIONS = (
					"DEBUG=1",
					"$(inherited)",
				);
				GCC_WARN_64_TO_32_BIT_CONVERSION = YES;
				GCC_WARN_ABOUT_RETURN_TYPE = YES_ERROR;
				GCC_WARN_UNDECLARED_SELECTOR = YES;
				GCC_WARN_UNINITIALIZED_AUTOS = YES_AGGRESSIVE;
				GCC_WARN_UNUSED_FUNCTION = YES;
				GCC_WARN_UNUSED_VARIABLE = YES;
				IPHONEOS_DEPLOYMENT_TARGET = 15.5;
				MTL_ENABLE_DEBUG_INFO = INCLUDE_SOURCE;
				MTL_FAST_MATH = YES;
				ONLY_ACTIVE_ARCH = YES;
				SDKROOT = iphoneos;
				SWIFT_ACTIVE_COMPILATION_CONDITIONS = DEBUG;
				SWIFT_OPTIMIZATION_LEVEL = "-Onone";
			};
			name = Debug;
		};
		C2762A2428ACFFFA00A6A735 /* Release */ = {
			isa = XCBuildConfiguration;
			buildSettings = {
				ALWAYS_SEARCH_USER_PATHS = NO;
				CLANG_ANALYZER_NONNULL = YES;
				CLANG_ANALYZER_NUMBER_OBJECT_CONVERSION = YES_AGGRESSIVE;
				CLANG_CXX_LANGUAGE_STANDARD = "gnu++17";
				CLANG_ENABLE_MODULES = YES;
				CLANG_ENABLE_OBJC_ARC = YES;
				CLANG_ENABLE_OBJC_WEAK = YES;
				CLANG_WARN_BLOCK_CAPTURE_AUTORELEASING = YES;
				CLANG_WARN_BOOL_CONVERSION = YES;
				CLANG_WARN_COMMA = YES;
				CLANG_WARN_CONSTANT_CONVERSION = YES;
				CLANG_WARN_DEPRECATED_OBJC_IMPLEMENTATIONS = YES;
				CLANG_WARN_DIRECT_OBJC_ISA_USAGE = YES_ERROR;
				CLANG_WARN_DOCUMENTATION_COMMENTS = YES;
				CLANG_WARN_EMPTY_BODY = YES;
				CLANG_WARN_ENUM_CONVERSION = YES;
				CLANG_WARN_INFINITE_RECURSION = YES;
				CLANG_WARN_INT_CONVERSION = YES;
				CLANG_WARN_NON_LITERAL_NULL_CONVERSION = YES;
				CLANG_WARN_OBJC_IMPLICIT_RETAIN_SELF = YES;
				CLANG_WARN_OBJC_LITERAL_CONVERSION = YES;
				CLANG_WARN_OBJC_ROOT_CLASS = YES_ERROR;
				CLANG_WARN_QUOTED_INCLUDE_IN_FRAMEWORK_HEADER = YES;
				CLANG_WARN_RANGE_LOOP_ANALYSIS = YES;
				CLANG_WARN_STRICT_PROTOTYPES = YES;
				CLANG_WARN_SUSPICIOUS_MOVE = YES;
				CLANG_WARN_UNGUARDED_AVAILABILITY = YES_AGGRESSIVE;
				CLANG_WARN_UNREACHABLE_CODE = YES;
				CLANG_WARN__DUPLICATE_METHOD_MATCH = YES;
				COPY_PHASE_STRIP = NO;
				DEBUG_INFORMATION_FORMAT = "dwarf-with-dsym";
				ENABLE_NS_ASSERTIONS = NO;
				ENABLE_STRICT_OBJC_MSGSEND = YES;
				GCC_C_LANGUAGE_STANDARD = gnu11;
				GCC_NO_COMMON_BLOCKS = YES;
				GCC_WARN_64_TO_32_BIT_CONVERSION = YES;
				GCC_WARN_ABOUT_RETURN_TYPE = YES_ERROR;
				GCC_WARN_UNDECLARED_SELECTOR = YES;
				GCC_WARN_UNINITIALIZED_AUTOS = YES_AGGRESSIVE;
				GCC_WARN_UNUSED_FUNCTION = YES;
				GCC_WARN_UNUSED_VARIABLE = YES;
				IPHONEOS_DEPLOYMENT_TARGET = 15.5;
				MTL_ENABLE_DEBUG_INFO = NO;
				MTL_FAST_MATH = YES;
				SDKROOT = iphoneos;
				SWIFT_COMPILATION_MODE = wholemodule;
				SWIFT_OPTIMIZATION_LEVEL = "-O";
				VALIDATE_PRODUCT = YES;
			};
			name = Release;
		};
		C2762A2628ACFFFA00A6A735 /* Debug */ = {
			isa = XCBuildConfiguration;
			buildSettings = {
				ASSETCATALOG_COMPILER_APPICON_NAME = AppIcon;
				ASSETCATALOG_COMPILER_GLOBAL_ACCENT_COLOR_NAME = AccentColor;
				CODE_SIGN_STYLE = Automatic;
				CURRENT_PROJECT_VERSION = 1;
				GENERATE_INFOPLIST_FILE = YES;
				INFOPLIST_FILE = test/Info.plist;
				INFOPLIST_KEY_UIApplicationSupportsIndirectInputEvents = YES;
				INFOPLIST_KEY_UILaunchStoryboardName = LaunchScreen;
				INFOPLIST_KEY_UIMainStoryboardFile = Main;
				INFOPLIST_KEY_UISupportedInterfaceOrientations_iPad = "UIInterfaceOrientationPortrait UIInterfaceOrientationPortraitUpsideDown UIInterfaceOrientationLandscapeLeft UIInterfaceOrientationLandscapeRight";
				INFOPLIST_KEY_UISupportedInterfaceOrientations_iPhone = "UIInterfaceOrientationPortrait UIInterfaceOrientationLandscapeLeft UIInterfaceOrientationLandscapeRight";
				LD_RUNPATH_SEARCH_PATHS = (
					"$(inherited)",
					"@executable_path/Frameworks",
				);
				MARKETING_VERSION = 1.0;
				PRODUCT_BUNDLE_IDENTIFIER = co.trinity.test.test;
				PRODUCT_NAME = "$(TARGET_NAME)";
				SWIFT_EMIT_LOC_STRINGS = YES;
				SWIFT_VERSION = 5.0;
				TARGETED_DEVICE_FAMILY = "1,2";
			};
			name = Debug;
		};
		C2762A2728ACFFFA00A6A735 /* Release */ = {
			isa = XCBuildConfiguration;
			buildSettings = {
				ASSETCATALOG_COMPILER_APPICON_NAME = AppIcon;
				ASSETCATALOG_COMPILER_GLOBAL_ACCENT_COLOR_NAME = AccentColor;
				CODE_SIGN_STYLE = Automatic;
				CURRENT_PROJECT_VERSION = 1;
				GENERATE_INFOPLIST_FILE = YES;
				INFOPLIST_FILE = test/Info.plist;
				INFOPLIST_KEY_UIApplicationSupportsIndirectInputEvents = YES;
				INFOPLIST_KEY_UILaunchStoryboardName = LaunchScreen;
				INFOPLIST_KEY_UIMainStoryboardFile = Main;
				INFOPLIST_KEY_UISupportedInterfaceOrientations_iPad = "UIInterfaceOrientationPortrait UIInterfaceOrientationPortraitUpsideDown UIInterfaceOrientationLandscapeLeft UIInterfaceOrientationLandscapeRight";
				INFOPLIST_KEY_UISupportedInterfaceOrientations_iPhone = "UIInterfaceOrientationPortrait UIInterfaceOrientationLandscapeLeft UIInterfaceOrientationLandscapeRight";
				LD_RUNPATH_SEARCH_PATHS = (
					"$(inherited)",
					"@executable_path/Frameworks",
				);
				MARKETING_VERSION = 1.0;
				PRODUCT_BUNDLE_IDENTIFIER = co.trinity.test.test;
				PRODUCT_NAME = "$(TARGET_NAME)";
				SWIFT_EMIT_LOC_STRINGS = YES;
				SWIFT_VERSION = 5.0;
				TARGETED_DEVICE_FAMILY = "1,2";
			};
			name = Release;
		};
/* End XCBuildConfiguration section */

/* Begin XCConfigurationList section */
		C2762A0C28ACFFF900A6A735 /* Build configuration list for PBXProject "test" */ = {
			isa = XCConfigurationList;
			buildConfigurations = (
				C2762A2328ACFFFA00A6A735 /* Debug */,
				C2762A2428ACFFFA00A6A735 /* Release */,
			);
			defaultConfigurationIsVisible = 0;
			defaultConfigurationName = Release;
		};
		C2762A2528ACFFFA00A6A735 /* Build configuration list for PBXNativeTarget "test" */ = {
			isa = XCConfigurationList;
			buildConfigurations = (
				C2762A2628ACFFFA00A6A735 /* Debug */,
				C2762A2728ACFFFA00A6A735 /* Release */,
			);
			defaultConfigurationIsVisible = 0;
			defaultConfigurationName = Release;
		};
/* End XCConfigurationList section */
	};
	rootObject = C2762A0928ACFFF900A6A735 /* Project object */;
}
